
Microsoft Visual Studio Solution File, Format Version 12.00
# Visual Studio Version 17
VisualStudioVersion = 17.6.33829.357
MinimumVisualStudioVersion = 10.0.40219.1
Project("{9A19103F-16F7-4668-BE54-9A1E7A4F7556}") = "Lab1", "Lab1\Lab1.csproj", "{A2B582E3-C3C7-4747-9835-A1FFA6EBCF7D}"
EndProject
Project("{FAE04EC0-301F-11D3-BF4B-00C04F79EFBC}") = "Lab2_KNA", "Lab2_KNA\Lab2_KNA.csproj", "{971B24E0-78F3-4841-ABC8-291D67AEECDF}"
EndProject
Global
	GlobalSection(SolutionConfigurationPlatforms) = preSolution
		Debug|Any CPU = Debug|Any CPU
		Release|Any CPU = Release|Any CPU
	EndGlobalSection
	GlobalSection(ProjectConfigurationPlatforms) = postSolution
		{A2B582E3-C3C7-4747-9835-A1FFA6EBCF7D}.Debug|Any CPU.ActiveCfg = Debug|Any CPU
		{A2B582E3-C3C7-4747-9835-A1FFA6EBCF7D}.Debug|Any CPU.Build.0 = Debug|Any CPU
		{A2B582E3-C3C7-4747-9835-A1FFA6EBCF7D}.Release|Any CPU.ActiveCfg = Release|Any CPU
		{A2B582E3-C3C7-4747-9835-A1FFA6EBCF7D}.Release|Any CPU.Build.0 = Release|Any CPU
		{971B24E0-78F3-4841-ABC8-291D67AEECDF}.Debug|Any CPU.ActiveCfg = Debug|Any CPU
		{971B24E0-78F3-4841-ABC8-291D67AEECDF}.Debug|Any CPU.Build.0 = Debug|Any CPU
		{971B24E0-78F3-4841-ABC8-291D67AEECDF}.Release|Any CPU.ActiveCfg = Release|Any CPU
		{971B24E0-78F3-4841-ABC8-291D67AEECDF}.Release|Any CPU.Build.0 = Release|Any CPU
	EndGlobalSection
	GlobalSection(SolutionProperties) = preSolution
		HideSolutionNode = FALSE
	EndGlobalSection
	GlobalSection(ExtensibilityGlobals) = postSolution
		SolutionGuid = {A49ACF9B-CA00-4DAE-80C7-9657639F35B6}
	EndGlobalSection
EndGlobal
